
Microsoft Visual Studio Solution File, Format Version 12.00
# Visual Studio Version 16
VisualStudioVersion = 16.0.31911.196
MinimumVisualStudioVersion = 10.0.40219.1
Project("{9A19103F-16F7-4668-BE54-9A1E7A4F7556}") = "WebApi", "WebApi\WebApi.csproj", "{82962D0B-B316-452A-A38D-09463C960B2F}"
EndProject
Project("{9A19103F-16F7-4668-BE54-9A1E7A4F7556}") = "Core", "Core\Core.csproj", "{6FBBD5DB-D229-4DEA-B6E3-4DEC20E00877}"
EndProject
Project("{9A19103F-16F7-4668-BE54-9A1E7A4F7556}") = "Infrastructure", "Infrastructure\Infrastructure.csproj", "{AF192897-F2FF-414C-A3EF-9A2251860B15}"
EndProject
Project("{9A19103F-16F7-4668-BE54-9A1E7A4F7556}") = "LogService", "LogService\LogService.csproj", "{BE91063B-F9AF-4B3C-9888-956C4167CC01}"
EndProject
Project("{FAE04EC0-301F-11D3-BF4B-00C04F79EFBC}") = "BusinessLogic", "BusinessLogic\BusinessLogic.csproj", "{C3342CF0-C33D-4ACA-907F-C8A5E0732859}"
EndProject
Global
	GlobalSection(SolutionConfigurationPlatforms) = preSolution
		Debug|Any CPU = Debug|Any CPU
		Release|Any CPU = Release|Any CPU
	EndGlobalSection
	GlobalSection(ProjectConfigurationPlatforms) = postSolution
		{82962D0B-B316-452A-A38D-09463C960B2F}.Debug|Any CPU.ActiveCfg = Debug|Any CPU
		{82962D0B-B316-452A-A38D-09463C960B2F}.Debug|Any CPU.Build.0 = Debug|Any CPU
		{82962D0B-B316-452A-A38D-09463C960B2F}.Release|Any CPU.ActiveCfg = Release|Any CPU
		{82962D0B-B316-452A-A38D-09463C960B2F}.Release|Any CPU.Build.0 = Release|Any CPU
		{6FBBD5DB-D229-4DEA-B6E3-4DEC20E00877}.Debug|Any CPU.ActiveCfg = Debug|Any CPU
		{6FBBD5DB-D229-4DEA-B6E3-4DEC20E00877}.Debug|Any CPU.Build.0 = Debug|Any CPU
		{6FBBD5DB-D229-4DEA-B6E3-4DEC20E00877}.Release|Any CPU.ActiveCfg = Release|Any CPU
		{6FBBD5DB-D229-4DEA-B6E3-4DEC20E00877}.Release|Any CPU.Build.0 = Release|Any CPU
		{AF192897-F2FF-414C-A3EF-9A2251860B15}.Debug|Any CPU.ActiveCfg = Debug|Any CPU
		{AF192897-F2FF-414C-A3EF-9A2251860B15}.Debug|Any CPU.Build.0 = Debug|Any CPU
		{AF192897-F2FF-414C-A3EF-9A2251860B15}.Release|Any CPU.ActiveCfg = Release|Any CPU
		{AF192897-F2FF-414C-A3EF-9A2251860B15}.Release|Any CPU.Build.0 = Release|Any CPU
		{BE91063B-F9AF-4B3C-9888-956C4167CC01}.Debug|Any CPU.ActiveCfg = Debug|Any CPU
		{BE91063B-F9AF-4B3C-9888-956C4167CC01}.Debug|Any CPU.Build.0 = Debug|Any CPU
		{BE91063B-F9AF-4B3C-9888-956C4167CC01}.Release|Any CPU.ActiveCfg = Release|Any CPU
		{BE91063B-F9AF-4B3C-9888-956C4167CC01}.Release|Any CPU.Build.0 = Release|Any CPU
		{C3342CF0-C33D-4ACA-907F-C8A5E0732859}.Debug|Any CPU.ActiveCfg = Debug|Any CPU
		{C3342CF0-C33D-4ACA-907F-C8A5E0732859}.Debug|Any CPU.Build.0 = Debug|Any CPU
		{C3342CF0-C33D-4ACA-907F-C8A5E0732859}.Release|Any CPU.ActiveCfg = Release|Any CPU
		{C3342CF0-C33D-4ACA-907F-C8A5E0732859}.Release|Any CPU.Build.0 = Release|Any CPU
	EndGlobalSection
	GlobalSection(SolutionProperties) = preSolution
		HideSolutionNode = FALSE
	EndGlobalSection
	GlobalSection(ExtensibilityGlobals) = postSolution
		SolutionGuid = {FA8493C2-DF95-47FD-B74D-81C117E11B1D}
	EndGlobalSection
EndGlobal
